
Microsoft Visual Studio Solution File, Format Version 11.00
# Visual Studio 2010
Project("{FAE04EC0-301F-11D3-BF4B-00C04F79EFBC}") = "Mvc3Application11", "Mvc3Application11\Mvc3Application11.csproj", "{733747C6-234C-4101-9D9C-69DF19BC9E02}"
EndProject
Global
	GlobalSection(SolutionConfigurationPlatforms) = preSolution
		Debug|Any CPU = Debug|Any CPU
		Release|Any CPU = Release|Any CPU
	EndGlobalSection
	GlobalSection(ProjectConfigurationPlatforms) = postSolution
		{733747C6-234C-4101-9D9C-69DF19BC9E02}.Debug|Any CPU.ActiveCfg = Debug|Any CPU
		{733747C6-234C-4101-9D9C-69DF19BC9E02}.Debug|Any CPU.Build.0 = Debug|Any CPU
		{733747C6-234C-4101-9D9C-69DF19BC9E02}.Release|Any CPU.ActiveCfg = Release|Any CPU
		{733747C6-234C-4101-9D9C-69DF19BC9E02}.Release|Any CPU.Build.0 = Release|Any CPU
	EndGlobalSection
	GlobalSection(SolutionProperties) = preSolution
		HideSolutionNode = FALSE
	EndGlobalSection
EndGlobal
